
Microsoft Visual Studio Solution File, Format Version 12.00
# Visual Studio Version 17
VisualStudioVersion = 17.4.33213.308
MinimumVisualStudioVersion = 10.0.40219.1
Project("{FAE04EC0-301F-11D3-BF4B-00C04F79EFBC}") = "PR2Danil", "PR2Danil.csproj", "{34892B7D-AC1F-4585-BDAF-A82684355264}"
EndProject
Global
	GlobalSection(SolutionConfigurationPlatforms) = preSolution
		Debug|Any CPU = Debug|Any CPU
		Release|Any CPU = Release|Any CPU
	EndGlobalSection
	GlobalSection(ProjectConfigurationPlatforms) = postSolution
		{34892B7D-AC1F-4585-BDAF-A82684355264}.Debug|Any CPU.ActiveCfg = Debug|Any CPU
		{34892B7D-AC1F-4585-BDAF-A82684355264}.Debug|Any CPU.Build.0 = Debug|Any CPU
		{34892B7D-AC1F-4585-BDAF-A82684355264}.Release|Any CPU.ActiveCfg = Release|Any CPU
		{34892B7D-AC1F-4585-BDAF-A82684355264}.Release|Any CPU.Build.0 = Release|Any CPU
	EndGlobalSection
	GlobalSection(SolutionProperties) = preSolution
		HideSolutionNode = FALSE
	EndGlobalSection
	GlobalSection(ExtensibilityGlobals) = postSolution
		SolutionGuid = {DE0B91AD-0E4B-4310-820B-3BEB9EB84493}
	EndGlobalSection
EndGlobal
